
Microsoft Visual Studio Solution File, Format Version 9.00
# Visual Studio 2005
Project("{FAE04EC0-301F-11D3-BF4B-00C04F79EFBC}") = "CompareDb", "CompareDb.csproj", "{B41EB5BC-4729-4A98-87C7-8D73754E059A}"
EndProject
Global
	GlobalSection(SolutionConfigurationPlatforms) = preSolution
		Debug|Any CPU = Debug|Any CPU
		Release|Any CPU = Release|Any CPU
	EndGlobalSection
	GlobalSection(ProjectConfigurationPlatforms) = postSolution
		{B41EB5BC-4729-4A98-87C7-8D73754E059A}.Debug|Any CPU.ActiveCfg = Debug|Any CPU
		{B41EB5BC-4729-4A98-87C7-8D73754E059A}.Debug|Any CPU.Build.0 = Debug|Any CPU
		{B41EB5BC-4729-4A98-87C7-8D73754E059A}.Release|Any CPU.ActiveCfg = Release|Any CPU
		{B41EB5BC-4729-4A98-87C7-8D73754E059A}.Release|Any CPU.Build.0 = Release|Any CPU
	EndGlobalSection
	GlobalSection(SolutionProperties) = preSolution
		HideSolutionNode = FALSE
	EndGlobalSection
EndGlobal
